
Microsoft Visual Studio Solution File, Format Version 12.00
# Visual Studio 15
VisualStudioVersion = 15.0.25807.0
MinimumVisualStudioVersion = 10.0.40219.1
Project("{2150E333-8FDC-42A3-9474-1A3956D46DE8}") = "Engine", "Engine", "{EBE72487-35E4-434F-A63F-DF07606E857B}"
EndProject
Project("{2150E333-8FDC-42A3-9474-1A3956D46DE8}") = "Games", "Games", "{59B9A881-FBE2-4A89-BCDF-5897DE7B68D3}"
EndProject
Project("{8BC9CEB8-8B4A-11D0-8D11-00A0C91BC942}") = "UE4", "Intermediate\ProjectFiles\UE4.vcxproj", "{7D1A5D78-0E66-4200-8E4A-51005F039079}"
EndProject
Project("{8BC9CEB8-8B4A-11D0-8D11-00A0C91BC942}") = "EscapeTheRoom", "Intermediate\ProjectFiles\EscapeTheRoom.vcxproj", "{BD9D788C-A8CF-466C-A89B-0C7AC95A0C42}"
EndProject
Global
	GlobalSection(SolutionConfigurationPlatforms) = preSolution
		DebugGame Editor|HTML5 = DebugGame Editor|HTML5
		DebugGame Editor|Win32 = DebugGame Editor|Win32
		DebugGame Editor|Win64 = DebugGame Editor|Win64
		DebugGame|HTML5 = DebugGame|HTML5
		DebugGame|Win32 = DebugGame|Win32
		DebugGame|Win64 = DebugGame|Win64
		Development Editor|HTML5 = Development Editor|HTML5
		Development Editor|Win32 = Development Editor|Win32
		Development Editor|Win64 = Development Editor|Win64
		Development|HTML5 = Development|HTML5
		Development|Win32 = Development|Win32
		Development|Win64 = Development|Win64
		Shipping|HTML5 = Shipping|HTML5
		Shipping|Win32 = Shipping|Win32
		Shipping|Win64 = Shipping|Win64
	EndGlobalSection
	GlobalSection(ProjectConfigurationPlatforms) = postSolution
		{7D1A5D78-0E66-4200-8E4A-51005F039079}.DebugGame Editor|HTML5.ActiveCfg = BuiltWithUnrealBuildTool|Win32
		{7D1A5D78-0E66-4200-8E4A-51005F039079}.DebugGame Editor|HTML5.Build.0 = BuiltWithUnrealBuildTool|Win32
		{7D1A5D78-0E66-4200-8E4A-51005F039079}.DebugGame Editor|Win32.ActiveCfg = BuiltWithUnrealBuildTool|Win32
		{7D1A5D78-0E66-4200-8E4A-51005F039079}.DebugGame Editor|Win32.Build.0 = BuiltWithUnrealBuildTool|Win32
		{7D1A5D78-0E66-4200-8E4A-51005F039079}.DebugGame Editor|Win64.ActiveCfg = BuiltWithUnrealBuildTool|Win32
		{7D1A5D78-0E66-4200-8E4A-51005F039079}.DebugGame Editor|Win64.Build.0 = BuiltWithUnrealBuildTool|Win32
		{7D1A5D78-0E66-4200-8E4A-51005F039079}.DebugGame|HTML5.ActiveCfg = BuiltWithUnrealBuildTool|Win32
		{7D1A5D78-0E66-4200-8E4A-51005F039079}.DebugGame|HTML5.Build.0 = BuiltWithUnrealBuildTool|Win32
		{7D1A5D78-0E66-4200-8E4A-51005F039079}.DebugGame|Win32.ActiveCfg = BuiltWithUnrealBuildTool|Win32
		{7D1A5D78-0E66-4200-8E4A-51005F039079}.DebugGame|Win32.Build.0 = BuiltWithUnrealBuildTool|Win32
		{7D1A5D78-0E66-4200-8E4A-51005F039079}.DebugGame|Win64.ActiveCfg = BuiltWithUnrealBuildTool|Win32
		{7D1A5D78-0E66-4200-8E4A-51005F039079}.DebugGame|Win64.Build.0 = BuiltWithUnrealBuildTool|Win32
		{7D1A5D78-0E66-4200-8E4A-51005F039079}.Development Editor|HTML5.ActiveCfg = BuiltWithUnrealBuildTool|Win32
		{7D1A5D78-0E66-4200-8E4A-51005F039079}.Development Editor|HTML5.Build.0 = BuiltWithUnrealBuildTool|Win32
		{7D1A5D78-0E66-4200-8E4A-51005F039079}.Development Editor|Win32.ActiveCfg = BuiltWithUnrealBuildTool|Win32
		{7D1A5D78-0E66-4200-8E4A-51005F039079}.Development Editor|Win32.Build.0 = BuiltWithUnrealBuildTool|Win32
		{7D1A5D78-0E66-4200-8E4A-51005F039079}.Development Editor|Win64.ActiveCfg = BuiltWithUnrealBuildTool|Win32
		{7D1A5D78-0E66-4200-8E4A-51005F039079}.Development Editor|Win64.Build.0 = BuiltWithUnrealBuildTool|Win32
		{7D1A5D78-0E66-4200-8E4A-51005F039079}.Development|HTML5.ActiveCfg = BuiltWithUnrealBuildTool|Win32
		{7D1A5D78-0E66-4200-8E4A-51005F039079}.Development|HTML5.Build.0 = BuiltWithUnrealBuildTool|Win32
		{7D1A5D78-0E66-4200-8E4A-51005F039079}.Development|Win32.ActiveCfg = BuiltWithUnrealBuildTool|Win32
		{7D1A5D78-0E66-4200-8E4A-51005F039079}.Development|Win32.Build.0 = BuiltWithUnrealBuildTool|Win32
		{7D1A5D78-0E66-4200-8E4A-51005F039079}.Development|Win64.ActiveCfg = BuiltWithUnrealBuildTool|Win32
		{7D1A5D78-0E66-4200-8E4A-51005F039079}.Development|Win64.Build.0 = BuiltWithUnrealBuildTool|Win32
		{7D1A5D78-0E66-4200-8E4A-51005F039079}.Shipping|HTML5.ActiveCfg = BuiltWithUnrealBuildTool|Win32
		{7D1A5D78-0E66-4200-8E4A-51005F039079}.Shipping|HTML5.Build.0 = BuiltWithUnrealBuildTool|Win32
		{7D1A5D78-0E66-4200-8E4A-51005F039079}.Shipping|Win32.ActiveCfg = BuiltWithUnrealBuildTool|Win32
		{7D1A5D78-0E66-4200-8E4A-51005F039079}.Shipping|Win32.Build.0 = BuiltWithUnrealBuildTool|Win32
		{7D1A5D78-0E66-4200-8E4A-51005F039079}.Shipping|Win64.ActiveCfg = BuiltWithUnrealBuildTool|Win32
		{7D1A5D78-0E66-4200-8E4A-51005F039079}.Shipping|Win64.Build.0 = BuiltWithUnrealBuildTool|Win32
		{BD9D788C-A8CF-466C-A89B-0C7AC95A0C42}.DebugGame Editor|HTML5.ActiveCfg = HTML5_DebugGame_Editor|Win32
		{BD9D788C-A8CF-466C-A89B-0C7AC95A0C42}.DebugGame Editor|Win32.ActiveCfg = DebugGame_Editor|Win32
		{BD9D788C-A8CF-466C-A89B-0C7AC95A0C42}.DebugGame Editor|Win64.ActiveCfg = DebugGame_Editor|x64
		{BD9D788C-A8CF-466C-A89B-0C7AC95A0C42}.DebugGame Editor|Win64.Build.0 = DebugGame_Editor|x64
		{BD9D788C-A8CF-466C-A89B-0C7AC95A0C42}.DebugGame|HTML5.ActiveCfg = HTML5_DebugGame_Game|Win32
		{BD9D788C-A8CF-466C-A89B-0C7AC95A0C42}.DebugGame|HTML5.Build.0 = HTML5_DebugGame_Game|Win32
		{BD9D788C-A8CF-466C-A89B-0C7AC95A0C42}.DebugGame|Win32.ActiveCfg = DebugGame_Game|Win32
		{BD9D788C-A8CF-466C-A89B-0C7AC95A0C42}.DebugGame|Win32.Build.0 = DebugGame_Game|Win32
		{BD9D788C-A8CF-466C-A89B-0C7AC95A0C42}.DebugGame|Win64.ActiveCfg = DebugGame_Game|x64
		{BD9D788C-A8CF-466C-A89B-0C7AC95A0C42}.DebugGame|Win64.Build.0 = DebugGame_Game|x64
		{BD9D788C-A8CF-466C-A89B-0C7AC95A0C42}.Development Editor|HTML5.ActiveCfg = HTML5_Development_Editor|Win32
		{BD9D788C-A8CF-466C-A89B-0C7AC95A0C42}.Development Editor|Win32.ActiveCfg = Development_Editor|Win32
		{BD9D788C-A8CF-466C-A89B-0C7AC95A0C42}.Development Editor|Win64.ActiveCfg = Development_Editor|x64
		{BD9D788C-A8CF-466C-A89B-0C7AC95A0C42}.Development Editor|Win64.Build.0 = Development_Editor|x64
		{BD9D788C-A8CF-466C-A89B-0C7AC95A0C42}.Development|HTML5.ActiveCfg = HTML5_Development_Game|Win32
		{BD9D788C-A8CF-466C-A89B-0C7AC95A0C42}.Development|HTML5.Build.0 = HTML5_Development_Game|Win32
		{BD9D788C-A8CF-466C-A89B-0C7AC95A0C42}.Development|Win32.ActiveCfg = Development_Game|Win32
		{BD9D788C-A8CF-466C-A89B-0C7AC95A0C42}.Development|Win32.Build.0 = Development_Game|Win32
		{BD9D788C-A8CF-466C-A89B-0C7AC95A0C42}.Development|Win64.ActiveCfg = Development_Game|x64
		{BD9D788C-A8CF-466C-A89B-0C7AC95A0C42}.Development|Win64.Build.0 = Development_Game|x64
		{BD9D788C-A8CF-466C-A89B-0C7AC95A0C42}.Shipping|HTML5.ActiveCfg = HTML5_Shipping_Game|Win32
		{BD9D788C-A8CF-466C-A89B-0C7AC95A0C42}.Shipping|HTML5.Build.0 = HTML5_Shipping_Game|Win32
		{BD9D788C-A8CF-466C-A89B-0C7AC95A0C42}.Shipping|Win32.ActiveCfg = Shipping_Game|Win32
		{BD9D788C-A8CF-466C-A89B-0C7AC95A0C42}.Shipping|Win32.Build.0 = Shipping_Game|Win32
		{BD9D788C-A8CF-466C-A89B-0C7AC95A0C42}.Shipping|Win64.ActiveCfg = Shipping_Game|x64
		{BD9D788C-A8CF-466C-A89B-0C7AC95A0C42}.Shipping|Win64.Build.0 = Shipping_Game|x64
	EndGlobalSection
	GlobalSection(SolutionProperties) = preSolution
		HideSolutionNode = FALSE
	EndGlobalSection
	GlobalSection(NestedProjects) = preSolution
		{7D1A5D78-0E66-4200-8E4A-51005F039079} = {EBE72487-35E4-434F-A63F-DF07606E857B}
		{BD9D788C-A8CF-466C-A89B-0C7AC95A0C42} = {59B9A881-FBE2-4A89-BCDF-5897DE7B68D3}
	EndGlobalSection
	GlobalSection(ExtensibilityGlobals) = postSolution
		SolutionGuid = {B4AD497A-93AC-46C9-809D-E26216A32B54}
	EndGlobalSection
EndGlobal
